
Microsoft Visual Studio Solution File, Format Version 12.00
# Visual Studio Version 16
VisualStudioVersion = 16.0.31112.23
MinimumVisualStudioVersion = 10.0.40219.1
Project("{FAE04EC0-301F-11D3-BF4B-00C04F79EFBC}") = "UI.Desktop", "UI.Desktop\UI.Desktop.csproj", "{6CD31540-F8EC-493B-AD60-96D3B6AB1E30}"
EndProject
Project("{FAE04EC0-301F-11D3-BF4B-00C04F79EFBC}") = "Business.Logic", "Business.Logic\Business.Logic.csproj", "{675D0389-9954-4E32-86CE-64BAFF102F40}"
EndProject
Project("{FAE04EC0-301F-11D3-BF4B-00C04F79EFBC}") = "Util", "Util\Util.csproj", "{404B109F-B7D6-4FEE-A7D7-F9A331E4DF87}"
EndProject
Project("{FAE04EC0-301F-11D3-BF4B-00C04F79EFBC}") = "Business.Entities", "Business.Entities\Business.Entities.csproj", "{53153325-7EB4-4F3E-A138-56A08346854D}"
EndProject
Project("{FAE04EC0-301F-11D3-BF4B-00C04F79EFBC}") = "UI.Web", "UI.Web\UI.Web.csproj", "{1DD59F09-1748-4E05-A8FA-3953208D0589}"
EndProject
Global
	GlobalSection(SolutionConfigurationPlatforms) = preSolution
		Debug|Any CPU = Debug|Any CPU
		Release|Any CPU = Release|Any CPU
	EndGlobalSection
	GlobalSection(ProjectConfigurationPlatforms) = postSolution
		{6CD31540-F8EC-493B-AD60-96D3B6AB1E30}.Debug|Any CPU.ActiveCfg = Debug|Any CPU
		{6CD31540-F8EC-493B-AD60-96D3B6AB1E30}.Debug|Any CPU.Build.0 = Debug|Any CPU
		{6CD31540-F8EC-493B-AD60-96D3B6AB1E30}.Release|Any CPU.ActiveCfg = Release|Any CPU
		{6CD31540-F8EC-493B-AD60-96D3B6AB1E30}.Release|Any CPU.Build.0 = Release|Any CPU
		{675D0389-9954-4E32-86CE-64BAFF102F40}.Debug|Any CPU.ActiveCfg = Debug|Any CPU
		{675D0389-9954-4E32-86CE-64BAFF102F40}.Debug|Any CPU.Build.0 = Debug|Any CPU
		{675D0389-9954-4E32-86CE-64BAFF102F40}.Release|Any CPU.ActiveCfg = Release|Any CPU
		{675D0389-9954-4E32-86CE-64BAFF102F40}.Release|Any CPU.Build.0 = Release|Any CPU
		{404B109F-B7D6-4FEE-A7D7-F9A331E4DF87}.Debug|Any CPU.ActiveCfg = Debug|Any CPU
		{404B109F-B7D6-4FEE-A7D7-F9A331E4DF87}.Debug|Any CPU.Build.0 = Debug|Any CPU
		{404B109F-B7D6-4FEE-A7D7-F9A331E4DF87}.Release|Any CPU.ActiveCfg = Release|Any CPU
		{404B109F-B7D6-4FEE-A7D7-F9A331E4DF87}.Release|Any CPU.Build.0 = Release|Any CPU
		{53153325-7EB4-4F3E-A138-56A08346854D}.Debug|Any CPU.ActiveCfg = Debug|Any CPU
		{53153325-7EB4-4F3E-A138-56A08346854D}.Debug|Any CPU.Build.0 = Debug|Any CPU
		{53153325-7EB4-4F3E-A138-56A08346854D}.Release|Any CPU.ActiveCfg = Release|Any CPU
		{53153325-7EB4-4F3E-A138-56A08346854D}.Release|Any CPU.Build.0 = Release|Any CPU
		{1DD59F09-1748-4E05-A8FA-3953208D0589}.Debug|Any CPU.ActiveCfg = Debug|Any CPU
		{1DD59F09-1748-4E05-A8FA-3953208D0589}.Debug|Any CPU.Build.0 = Debug|Any CPU
		{1DD59F09-1748-4E05-A8FA-3953208D0589}.Release|Any CPU.ActiveCfg = Release|Any CPU
		{1DD59F09-1748-4E05-A8FA-3953208D0589}.Release|Any CPU.Build.0 = Release|Any CPU
	EndGlobalSection
	GlobalSection(SolutionProperties) = preSolution
		HideSolutionNode = FALSE
	EndGlobalSection
	GlobalSection(ExtensibilityGlobals) = postSolution
		SolutionGuid = {F25E11D0-3505-4569-90F4-3DFED917015B}
	EndGlobalSection
EndGlobal
